// !$*UTF8*$!
{
	archiveVersion = 1;
	classes = {
	};
	objectVersion = 50;
	objects = {

/* Begin PBXBuildFile section */
		D71DF42422A73BBC00789E9A /* ScoreAndStars.swift in Sources */ = {isa = PBXBuildFile; fileRef = D71DF42322A73BBC00789E9A /* ScoreAndStars.swift */; };
		D71DF45722A7793500789E9A /* B2.aiff in Resources */ = {isa = PBXBuildFile; fileRef = D71DF42522A7793100789E9A /* B2.aiff */; };
		D71DF45822A7793500789E9A /* E2.aiff in Resources */ = {isa = PBXBuildFile; fileRef = D71DF42622A7793100789E9A /* E2.aiff */; };
		D71DF45922A7793500789E9A /* C5.aiff in Resources */ = {isa = PBXBuildFile; fileRef = D71DF42722A7793100789E9A /* C5.aiff */; };
		D71DF45A22A7793500789E9A /* A2.aiff in Resources */ = {isa = PBXBuildFile; fileRef = D71DF42822A7793100789E9A /* A2.aiff */; };
		D71DF45B22A7793500789E9A /* G#3.aiff in Resources */ = {isa = PBXBuildFile; fileRef = D71DF42922A7793100789E9A /* G#3.aiff */; };
		D71DF45C22A7793500789E9A /* G3.aiff in Resources */ = {isa = PBXBuildFile; fileRef = D71DF42A22A7793100789E9A /* G3.aiff */; };
		D71DF45D22A7793500789E9A /* F#3.aiff in Resources */ = {isa = PBXBuildFile; fileRef = D71DF42B22A7793100789E9A /* F#3.aiff */; };
		D71DF45E22A7793500789E9A /* C#2.aiff in Resources */ = {isa = PBXBuildFile; fileRef = D71DF42C22A7793100789E9A /* C#2.aiff */; };
		D71DF45F22A7793500789E9A /* A#4.aiff in Resources */ = {isa = PBXBuildFile; fileRef = D71DF42D22A7793100789E9A /* A#4.aiff */; };
		D71DF46022A7793500789E9A /* C#5.aiff in Resources */ = {isa = PBXBuildFile; fileRef = D71DF42E22A7793100789E9A /* C#5.aiff */; };
		D71DF46122A7793500789E9A /* D#5.aiff in Resources */ = {isa = PBXBuildFile; fileRef = D71DF42F22A7793100789E9A /* D#5.aiff */; };
		D71DF46222A7793500789E9A /* F3.aiff in Resources */ = {isa = PBXBuildFile; fileRef = D71DF43022A7793200789E9A /* F3.aiff */; };
		D71DF46322A7793500789E9A /* C2.aiff in Resources */ = {isa = PBXBuildFile; fileRef = D71DF43122A7793200789E9A /* C2.aiff */; };
		D71DF46422A7793500789E9A /* A3.aiff in Resources */ = {isa = PBXBuildFile; fileRef = D71DF43222A7793200789E9A /* A3.aiff */; };
		D71DF46522A7793500789E9A /* D5.aiff in Resources */ = {isa = PBXBuildFile; fileRef = D71DF43322A7793200789E9A /* D5.aiff */; };
		D71DF46622A7793500789E9A /* D2.aiff in Resources */ = {isa = PBXBuildFile; fileRef = D71DF43422A7793200789E9A /* D2.aiff */; };
		D71DF46722A7793500789E9A /* F#4.aiff in Resources */ = {isa = PBXBuildFile; fileRef = D71DF43522A7793200789E9A /* F#4.aiff */; };
		D71DF46822A7793500789E9A /* F5.aiff in Resources */ = {isa = PBXBuildFile; fileRef = D71DF43622A7793200789E9A /* F5.aiff */; };
		D71DF46922A7793500789E9A /* C#3.aiff in Resources */ = {isa = PBXBuildFile; fileRef = D71DF43722A7793200789E9A /* C#3.aiff */; };
		D71DF46A22A7793500789E9A /* E4.aiff in Resources */ = {isa = PBXBuildFile; fileRef = D71DF43822A7793200789E9A /* E4.aiff */; };
		D71DF46B22A7793500789E9A /* D3.aiff in Resources */ = {isa = PBXBuildFile; fileRef = D71DF43922A7793200789E9A /* D3.aiff */; };
		D71DF46C22A7793500789E9A /* G4.aiff in Resources */ = {isa = PBXBuildFile; fileRef = D71DF43A22A7793200789E9A /* G4.aiff */; };
		D71DF46D22A7793500789E9A /* D#2.aiff in Resources */ = {isa = PBXBuildFile; fileRef = D71DF43B22A7793200789E9A /* D#2.aiff */; };
		D71DF46E22A7793500789E9A /* D#4.aiff in Resources */ = {isa = PBXBuildFile; fileRef = D71DF43C22A7793300789E9A /* D#4.aiff */; };
		D71DF46F22A7793500789E9A /* C#4.aiff in Resources */ = {isa = PBXBuildFile; fileRef = D71DF43D22A7793300789E9A /* C#4.aiff */; };
		D71DF47022A7793500789E9A /* B4.aiff in Resources */ = {isa = PBXBuildFile; fileRef = D71DF43E22A7793300789E9A /* B4.aiff */; };
		D71DF47122A7793500789E9A /* F4.aiff in Resources */ = {isa = PBXBuildFile; fileRef = D71DF43F22A7793300789E9A /* F4.aiff */; };
		D71DF47222A7793500789E9A /* A#2.aiff in Resources */ = {isa = PBXBuildFile; fileRef = D71DF44022A7793300789E9A /* A#2.aiff */; };
		D71DF47322A7793500789E9A /* C3.aiff in Resources */ = {isa = PBXBuildFile; fileRef = D71DF44122A7793300789E9A /* C3.aiff */; };
		D71DF47422A7793500789E9A /* G#4.aiff in Resources */ = {isa = PBXBuildFile; fileRef = D71DF44222A7793300789E9A /* G#4.aiff */; };
		D71DF47522A7793500789E9A /* A#5.aiff in Resources */ = {isa = PBXBuildFile; fileRef = D71DF44322A7793300789E9A /* A#5.aiff */; };
		D71DF47622A7793500789E9A /* A4.aiff in Resources */ = {isa = PBXBuildFile; fileRef = D71DF44422A7793300789E9A /* A4.aiff */; };
		D71DF47722A7793500789E9A /* E3.aiff in Resources */ = {isa = PBXBuildFile; fileRef = D71DF44522A7793300789E9A /* E3.aiff */; };
		D71DF47822A7793500789E9A /* B5.aiff in Resources */ = {isa = PBXBuildFile; fileRef = D71DF44622A7793300789E9A /* B5.aiff */; };
		D71DF47922A7793500789E9A /* F#2.aiff in Resources */ = {isa = PBXBuildFile; fileRef = D71DF44722A7793300789E9A /* F#2.aiff */; };
		D71DF47A22A7793500789E9A /* C4.aiff in Resources */ = {isa = PBXBuildFile; fileRef = D71DF44822A7793400789E9A /* C4.aiff */; };
		D71DF47B22A7793500789E9A /* B3.aiff in Resources */ = {isa = PBXBuildFile; fileRef = D71DF44922A7793400789E9A /* B3.aiff */; };
		D71DF47C22A7793500789E9A /* C#6.aiff in Resources */ = {isa = PBXBuildFile; fileRef = D71DF44A22A7793400789E9A /* C#6.aiff */; };
		D71DF47D22A7793500789E9A /* D#3.aiff in Resources */ = {isa = PBXBuildFile; fileRef = D71DF44B22A7793400789E9A /* D#3.aiff */; };
		D71DF47E22A7793500789E9A /* G#5.aiff in Resources */ = {isa = PBXBuildFile; fileRef = D71DF44C22A7793400789E9A /* G#5.aiff */; };
		D71DF47F22A7793500789E9A /* G5.aiff in Resources */ = {isa = PBXBuildFile; fileRef = D71DF44D22A7793400789E9A /* G5.aiff */; };
		D71DF48022A7793500789E9A /* F2.aiff in Resources */ = {isa = PBXBuildFile; fileRef = D71DF44E22A7793400789E9A /* F2.aiff */; };
		D71DF48122A7793500789E9A /* G2.aiff in Resources */ = {isa = PBXBuildFile; fileRef = D71DF44F22A7793400789E9A /* G2.aiff */; };
		D71DF48222A7793500789E9A /* G#2.aiff in Resources */ = {isa = PBXBuildFile; fileRef = D71DF45022A7793400789E9A /* G#2.aiff */; };
		D71DF48322A7793500789E9A /* A#3.aiff in Resources */ = {isa = PBXBuildFile; fileRef = D71DF45122A7793400789E9A /* A#3.aiff */; };
		D71DF48422A7793500789E9A /* A5.aiff in Resources */ = {isa = PBXBuildFile; fileRef = D71DF45222A7793400789E9A /* A5.aiff */; };
		D71DF48522A7793500789E9A /* D4.aiff in Resources */ = {isa = PBXBuildFile; fileRef = D71DF45322A7793400789E9A /* D4.aiff */; };
		D71DF48622A7793500789E9A /* C6.aiff in Resources */ = {isa = PBXBuildFile; fileRef = D71DF45422A7793400789E9A /* C6.aiff */; };
		D71DF48722A7793500789E9A /* F#5.aiff in Resources */ = {isa = PBXBuildFile; fileRef = D71DF45522A7793400789E9A /* F#5.aiff */; };
		D71DF48822A7793500789E9A /* E5.aiff in Resources */ = {isa = PBXBuildFile; fileRef = D71DF45622A7793400789E9A /* E5.aiff */; };
		D71E3D0C2205EA8E0001F995 /* AVFoundation.framework in Frameworks */ = {isa = PBXBuildFile; fileRef = D71E3D0B2205EA8E0001F995 /* AVFoundation.framework */; };
		D74992D9228C3FD90095C1B7 /* NotesOnStaffViewController.swift in Sources */ = {isa = PBXBuildFile; fileRef = D74992D8228C3FD90095C1B7 /* NotesOnStaffViewController.swift */; };
		D75DE89322828C5800BBFDEF /* GameMode.swift in Sources */ = {isa = PBXBuildFile; fileRef = D75DE89222828C5800BBFDEF /* GameMode.swift */; };
		D777C81822009DDB00FA472E /* AppDelegate.swift in Sources */ = {isa = PBXBuildFile; fileRef = D777C81722009DDB00FA472E /* AppDelegate.swift */; };
		D777C81A22009DDB00FA472E /* ViewController.swift in Sources */ = {isa = PBXBuildFile; fileRef = D777C81922009DDB00FA472E /* ViewController.swift */; };
		D777C81D22009DDB00FA472E /* Main.storyboard in Resources */ = {isa = PBXBuildFile; fileRef = D777C81B22009DDB00FA472E /* Main.storyboard */; };
		D777C81F22009DE000FA472E /* Assets.xcassets in Resources */ = {isa = PBXBuildFile; fileRef = D777C81E22009DE000FA472E /* Assets.xcassets */; };
		D777C82222009DE000FA472E /* LaunchScreen.storyboard in Resources */ = {isa = PBXBuildFile; fileRef = D777C82022009DE000FA472E /* LaunchScreen.storyboard */; };
		D78A61DF22643EBC008706E2 /* InitialViewController.swift in Sources */ = {isa = PBXBuildFile; fileRef = D78A61DE22643EBC008706E2 /* InitialViewController.swift */; };
		D7C2E3DA2241C9E300A72D5C /* ExplainerViewController.swift in Sources */ = {isa = PBXBuildFile; fileRef = D7C2E3D92241C9E300A72D5C /* ExplainerViewController.swift */; };
		D7C88AC52249EFA0000F484F /* wrong.aiff in Resources */ = {isa = PBXBuildFile; fileRef = D7C88AC42249EFA0000F484F /* wrong.aiff */; };
		D7DFCFEB22619FC700468F71 /* Enharmonics.swift in Sources */ = {isa = PBXBuildFile; fileRef = D7DFCFEA22619FC700468F71 /* Enharmonics.swift */; };
		D7E6BFC922AC6B0C00370F4B /* MenuAnimation.swift in Sources */ = {isa = PBXBuildFile; fileRef = D7E6BFC822AC6B0C00370F4B /* MenuAnimation.swift */; };
		D7EF7738227785CE00943F54 /* NoteChoices.swift in Sources */ = {isa = PBXBuildFile; fileRef = D7EF7737227785CE00943F54 /* NoteChoices.swift */; };
		D7EF773A2277F06B00943F54 /* Accidentals.swift in Sources */ = {isa = PBXBuildFile; fileRef = D7EF77392277F06B00943F54 /* Accidentals.swift */; };
		D7EF773C2277F3D200943F54 /* LevelsTableViewController.swift in Sources */ = {isa = PBXBuildFile; fileRef = D7EF773B2277F3D200943F54 /* LevelsTableViewController.swift */; };
		D7EF773E2277F97100943F54 /* Levels.swift in Sources */ = {isa = PBXBuildFile; fileRef = D7EF773D2277F97100943F54 /* Levels.swift */; };
		D7EF77402277FFF000943F54 /* LevelTableViewCell.swift in Sources */ = {isa = PBXBuildFile; fileRef = D7EF773F2277FFF000943F54 /* LevelTableViewCell.swift */; };
		D7EF774222789FC800943F54 /* ExplainersOnOrOff.swift in Sources */ = {isa = PBXBuildFile; fileRef = D7EF774122789FC800943F54 /* ExplainersOnOrOff.swift */; };
/* End PBXBuildFile section */

/* Begin PBXFileReference section */
		D71DF42322A73BBC00789E9A /* ScoreAndStars.swift */ = {isa = PBXFileReference; lastKnownFileType = sourcecode.swift; path = ScoreAndStars.swift; sourceTree = "<group>"; };
		D71DF42522A7793100789E9A /* B2.aiff */ = {isa = PBXFileReference; lastKnownFileType = audio.aiff; path = B2.aiff; sourceTree = "<group>"; };
		D71DF42622A7793100789E9A /* E2.aiff */ = {isa = PBXFileReference; lastKnownFileType = audio.aiff; path = E2.aiff; sourceTree = "<group>"; };
		D71DF42722A7793100789E9A /* C5.aiff */ = {isa = PBXFileReference; lastKnownFileType = audio.aiff; path = C5.aiff; sourceTree = "<group>"; };
		D71DF42822A7793100789E9A /* A2.aiff */ = {isa = PBXFileReference; lastKnownFileType = audio.aiff; path = A2.aiff; sourceTree = "<group>"; };
		D71DF42922A7793100789E9A /* G#3.aiff */ = {isa = PBXFileReference; lastKnownFileType = audio.aiff; path = "G#3.aiff"; sourceTree = "<group>"; };
		D71DF42A22A7793100789E9A /* G3.aiff */ = {isa = PBXFileReference; lastKnownFileType = audio.aiff; path = G3.aiff; sourceTree = "<group>"; };
		D71DF42B22A7793100789E9A /* F#3.aiff */ = {isa = PBXFileReference; lastKnownFileType = audio.aiff; path = "F#3.aiff"; sourceTree = "<group>"; };
		D71DF42C22A7793100789E9A /* C#2.aiff */ = {isa = PBXFileReference; lastKnownFileType = audio.aiff; path = "C#2.aiff"; sourceTree = "<group>"; };
		D71DF42D22A7793100789E9A /* A#4.aiff */ = {isa = PBXFileReference; lastKnownFileType = audio.aiff; path = "A#4.aiff"; sourceTree = "<group>"; };
		D71DF42E22A7793100789E9A /* C#5.aiff */ = {isa = PBXFileReference; lastKnownFileType = audio.aiff; path = "C#5.aiff"; sourceTree = "<group>"; };
		D71DF42F22A7793100789E9A /* D#5.aiff */ = {isa = PBXFileReference; lastKnownFileType = audio.aiff; path = "D#5.aiff"; sourceTree = "<group>"; };
		D71DF43022A7793200789E9A /* F3.aiff */ = {isa = PBXFileReference; lastKnownFileType = audio.aiff; path = F3.aiff; sourceTree = "<group>"; };
		D71DF43122A7793200789E9A /* C2.aiff */ = {isa = PBXFileReference; lastKnownFileType = audio.aiff; path = C2.aiff; sourceTree = "<group>"; };
		D71DF43222A7793200789E9A /* A3.aiff */ = {isa = PBXFileReference; lastKnownFileType = audio.aiff; path = A3.aiff; sourceTree = "<group>"; };
		D71DF43322A7793200789E9A /* D5.aiff */ = {isa = PBXFileReference; lastKnownFileType = audio.aiff; path = D5.aiff; sourceTree = "<group>"; };
		D71DF43422A7793200789E9A /* D2.aiff */ = {isa = PBXFileReference; lastKnownFileType = audio.aiff; path = D2.aiff; sourceTree = "<group>"; };
		D71DF43522A7793200789E9A /* F#4.aiff */ = {isa = PBXFileReference; lastKnownFileType = audio.aiff; path = "F#4.aiff"; sourceTree = "<group>"; };
		D71DF43622A7793200789E9A /* F5.aiff */ = {isa = PBXFileReference; lastKnownFileType = audio.aiff; path = F5.aiff; sourceTree = "<group>"; };
		D71DF43722A7793200789E9A /* C#3.aiff */ = {isa = PBXFileReference; lastKnownFileType = audio.aiff; path = "C#3.aiff"; sourceTree = "<group>"; };
		D71DF43822A7793200789E9A /* E4.aiff */ = {isa = PBXFileReference; lastKnownFileType = audio.aiff; name = E4.aiff; path = "../../../sounds/Ivy Audio/E4.aiff"; sourceTree = "<group>"; };
		D71DF43922A7793200789E9A /* D3.aiff */ = {isa = PBXFileReference; lastKnownFileType = audio.aiff; path = D3.aiff; sourceTree = "<group>"; };
		D71DF43A22A7793200789E9A /* G4.aiff */ = {isa = PBXFileReference; lastKnownFileType = audio.aiff; name = G4.aiff; path = "../../../sounds/Ivy Audio/G4.aiff"; sourceTree = "<group>"; };
		D71DF43B22A7793200789E9A /* D#2.aiff */ = {isa = PBXFileReference; lastKnownFileType = audio.aiff; path = "D#2.aiff"; sourceTree = "<group>"; };
		D71DF43C22A7793300789E9A /* D#4.aiff */ = {isa = PBXFileReference; lastKnownFileType = audio.aiff; path = "D#4.aiff"; sourceTree = "<group>"; };
		D71DF43D22A7793300789E9A /* C#4.aiff */ = {isa = PBXFileReference; lastKnownFileType = audio.aiff; path = "C#4.aiff"; sourceTree = "<group>"; };
		D71DF43E22A7793300789E9A /* B4.aiff */ = {isa = PBXFileReference; lastKnownFileType = audio.aiff; name = B4.aiff; path = "../../../sounds/Ivy Audio/B4.aiff"; sourceTree = "<group>"; };
		D71DF43F22A7793300789E9A /* F4.aiff */ = {isa = PBXFileReference; lastKnownFileType = audio.aiff; name = F4.aiff; path = "../../../sounds/Ivy Audio/F4.aiff"; sourceTree = "<group>"; };
		D71DF44022A7793300789E9A /* A#2.aiff */ = {isa = PBXFileReference; lastKnownFileType = audio.aiff; path = "A#2.aiff"; sourceTree = "<group>"; };
		D71DF44122A7793300789E9A /* C3.aiff */ = {isa = PBXFileReference; lastKnownFileType = audio.aiff; path = C3.aiff; sourceTree = "<group>"; };
		D71DF44222A7793300789E9A /* G#4.aiff */ = {isa = PBXFileReference; lastKnownFileType = audio.aiff; path = "G#4.aiff"; sourceTree = "<group>"; };
		D71DF44322A7793300789E9A /* A#5.aiff */ = {isa = PBXFileReference; lastKnownFileType = audio.aiff; path = "A#5.aiff"; sourceTree = "<group>"; };
		D71DF44422A7793300789E9A /* A4.aiff */ = {isa = PBXFileReference; lastKnownFileType = audio.aiff; name = A4.aiff; path = "../../../sounds/Ivy Audio/A4.aiff"; sourceTree = "<group>"; };
		D71DF44522A7793300789E9A /* E3.aiff */ = {isa = PBXFileReference; lastKnownFileType = audio.aiff; path = E3.aiff; sourceTree = "<group>"; };
		D71DF44622A7793300789E9A /* B5.aiff */ = {isa = PBXFileReference; lastKnownFileType = audio.aiff; path = B5.aiff; sourceTree = "<group>"; };
		D71DF44722A7793300789E9A /* F#2.aiff */ = {isa = PBXFileReference; lastKnownFileType = audio.aiff; path = "F#2.aiff"; sourceTree = "<group>"; };
		D71DF44822A7793400789E9A /* C4.aiff */ = {isa = PBXFileReference; lastKnownFileType = audio.aiff; name = C4.aiff; path = "../../../sounds/Ivy Audio/C4.aiff"; sourceTree = "<group>"; };
		D71DF44922A7793400789E9A /* B3.aiff */ = {isa = PBXFileReference; lastKnownFileType = audio.aiff; path = B3.aiff; sourceTree = "<group>"; };
		D71DF44A22A7793400789E9A /* C#6.aiff */ = {isa = PBXFileReference; lastKnownFileType = audio.aiff; path = "C#6.aiff"; sourceTree = "<group>"; };
		D71DF44B22A7793400789E9A /* D#3.aiff */ = {isa = PBXFileReference; lastKnownFileType = audio.aiff; path = "D#3.aiff"; sourceTree = "<group>"; };
		D71DF44C22A7793400789E9A /* G#5.aiff */ = {isa = PBXFileReference; lastKnownFileType = audio.aiff; path = "G#5.aiff"; sourceTree = "<group>"; };
		D71DF44D22A7793400789E9A /* G5.aiff */ = {isa = PBXFileReference; lastKnownFileType = audio.aiff; path = G5.aiff; sourceTree = "<group>"; };
		D71DF44E22A7793400789E9A /* F2.aiff */ = {isa = PBXFileReference; lastKnownFileType = audio.aiff; path = F2.aiff; sourceTree = "<group>"; };
		D71DF44F22A7793400789E9A /* G2.aiff */ = {isa = PBXFileReference; lastKnownFileType = audio.aiff; path = G2.aiff; sourceTree = "<group>"; };
		D71DF45022A7793400789E9A /* G#2.aiff */ = {isa = PBXFileReference; lastKnownFileType = audio.aiff; path = "G#2.aiff"; sourceTree = "<group>"; };
		D71DF45122A7793400789E9A /* A#3.aiff */ = {isa = PBXFileReference; lastKnownFileType = audio.aiff; path = "A#3.aiff"; sourceTree = "<group>"; };
		D71DF45222A7793400789E9A /* A5.aiff */ = {isa = PBXFileReference; lastKnownFileType = audio.aiff; path = A5.aiff; sourceTree = "<group>"; };
		D71DF45322A7793400789E9A /* D4.aiff */ = {isa = PBXFileReference; lastKnownFileType = audio.aiff; name = D4.aiff; path = "../../../sounds/Ivy Audio/D4.aiff"; sourceTree = "<group>"; };
		D71DF45422A7793400789E9A /* C6.aiff */ = {isa = PBXFileReference; lastKnownFileType = audio.aiff; path = C6.aiff; sourceTree = "<group>"; };
		D71DF45522A7793400789E9A /* F#5.aiff */ = {isa = PBXFileReference; lastKnownFileType = audio.aiff; path = "F#5.aiff"; sourceTree = "<group>"; };
		D71DF45622A7793400789E9A /* E5.aiff */ = {isa = PBXFileReference; lastKnownFileType = audio.aiff; path = E5.aiff; sourceTree = "<group>"; };
		D71E3D0B2205EA8E0001F995 /* AVFoundation.framework */ = {isa = PBXFileReference; lastKnownFileType = wrapper.framework; name = AVFoundation.framework; path = System/Library/Frameworks/AVFoundation.framework; sourceTree = SDKROOT; };
		D74992D8228C3FD90095C1B7 /* NotesOnStaffViewController.swift */ = {isa = PBXFileReference; lastKnownFileType = sourcecode.swift; path = NotesOnStaffViewController.swift; sourceTree = "<group>"; };
		D75DE89222828C5800BBFDEF /* GameMode.swift */ = {isa = PBXFileReference; lastKnownFileType = sourcecode.swift; path = GameMode.swift; sourceTree = "<group>"; };
		D777C81422009DDB00FA472E /* Piano Notes.app */ = {isa = PBXFileReference; explicitFileType = wrapper.application; includeInIndex = 0; path = "Piano Notes.app"; sourceTree = BUILT_PRODUCTS_DIR; };
		D777C81722009DDB00FA472E /* AppDelegate.swift */ = {isa = PBXFileReference; lastKnownFileType = sourcecode.swift; path = AppDelegate.swift; sourceTree = "<group>"; };
		D777C81922009DDB00FA472E /* ViewController.swift */ = {isa = PBXFileReference; lastKnownFileType = sourcecode.swift; path = ViewController.swift; sourceTree = "<group>"; };
		D777C81C22009DDB00FA472E /* Base */ = {isa = PBXFileReference; lastKnownFileType = file.storyboard; name = Base; path = Base.lproj/Main.storyboard; sourceTree = "<group>"; };
		D777C81E22009DE000FA472E /* Assets.xcassets */ = {isa = PBXFileReference; lastKnownFileType = folder.assetcatalog; path = Assets.xcassets; sourceTree = "<group>"; };
		D777C82122009DE000FA472E /* Base */ = {isa = PBXFileReference; lastKnownFileType = file.storyboard; name = Base; path = Base.lproj/LaunchScreen.storyboard; sourceTree = "<group>"; };
		D777C82322009DE000FA472E /* Info.plist */ = {isa = PBXFileReference; lastKnownFileType = text.plist.xml; path = Info.plist; sourceTree = "<group>"; };
		D78A61DE22643EBC008706E2 /* InitialViewController.swift */ = {isa = PBXFileReference; lastKnownFileType = sourcecode.swift; path = InitialViewController.swift; sourceTree = "<group>"; };
		D7C2E3D92241C9E300A72D5C /* ExplainerViewController.swift */ = {isa = PBXFileReference; lastKnownFileType = sourcecode.swift; path = ExplainerViewController.swift; sourceTree = "<group>"; };
		D7C88AC42249EFA0000F484F /* wrong.aiff */ = {isa = PBXFileReference; lastKnownFileType = audio.aiff; path = wrong.aiff; sourceTree = "<group>"; };
		D7DFCFEA22619FC700468F71 /* Enharmonics.swift */ = {isa = PBXFileReference; lastKnownFileType = sourcecode.swift; path = Enharmonics.swift; sourceTree = "<group>"; };
		D7E6BFC822AC6B0C00370F4B /* MenuAnimation.swift */ = {isa = PBXFileReference; lastKnownFileType = sourcecode.swift; path = MenuAnimation.swift; sourceTree = "<group>"; };
		D7EF7737227785CE00943F54 /* NoteChoices.swift */ = {isa = PBXFileReference; lastKnownFileType = sourcecode.swift; path = NoteChoices.swift; sourceTree = "<group>"; };
		D7EF77392277F06B00943F54 /* Accidentals.swift */ = {isa = PBXFileReference; lastKnownFileType = sourcecode.swift; path = Accidentals.swift; sourceTree = "<group>"; };
		D7EF773B2277F3D200943F54 /* LevelsTableViewController.swift */ = {isa = PBXFileReference; lastKnownFileType = sourcecode.swift; path = LevelsTableViewController.swift; sourceTree = "<group>"; };
		D7EF773D2277F97100943F54 /* Levels.swift */ = {isa = PBXFileReference; lastKnownFileType = sourcecode.swift; path = Levels.swift; sourceTree = "<group>"; };
		D7EF773F2277FFF000943F54 /* LevelTableViewCell.swift */ = {isa = PBXFileReference; lastKnownFileType = sourcecode.swift; path = LevelTableViewCell.swift; sourceTree = "<group>"; };
		D7EF774122789FC800943F54 /* ExplainersOnOrOff.swift */ = {isa = PBXFileReference; lastKnownFileType = sourcecode.swift; path = ExplainersOnOrOff.swift; sourceTree = "<group>"; };
/* End PBXFileReference section */

/* Begin PBXFrameworksBuildPhase section */
		D777C81122009DDB00FA472E /* Frameworks */ = {
			isa = PBXFrameworksBuildPhase;
			buildActionMask = 2147483647;
			files = (
				D71E3D0C2205EA8E0001F995 /* AVFoundation.framework in Frameworks */,
			);
			runOnlyForDeploymentPostprocessing = 0;
		};
/* End PBXFrameworksBuildPhase section */

/* Begin PBXGroup section */
		D71E3D0A2205EA8E0001F995 /* Frameworks */ = {
			isa = PBXGroup;
			children = (
				D71E3D0B2205EA8E0001F995 /* AVFoundation.framework */,
			);
			name = Frameworks;
			sourceTree = "<group>";
		};
		D71E3D0F2205ED7D0001F995 /* Sound Files */ = {
			isa = PBXGroup;
			children = (
				D71DF44022A7793300789E9A /* A#2.aiff */,
				D71DF45122A7793400789E9A /* A#3.aiff */,
				D71DF42D22A7793100789E9A /* A#4.aiff */,
				D71DF44322A7793300789E9A /* A#5.aiff */,
				D71DF42822A7793100789E9A /* A2.aiff */,
				D71DF43222A7793200789E9A /* A3.aiff */,
				D71DF44422A7793300789E9A /* A4.aiff */,
				D71DF45222A7793400789E9A /* A5.aiff */,
				D71DF42522A7793100789E9A /* B2.aiff */,
				D71DF44922A7793400789E9A /* B3.aiff */,
				D71DF43E22A7793300789E9A /* B4.aiff */,
				D71DF44622A7793300789E9A /* B5.aiff */,
				D71DF42C22A7793100789E9A /* C#2.aiff */,
				D71DF43722A7793200789E9A /* C#3.aiff */,
				D71DF43D22A7793300789E9A /* C#4.aiff */,
				D71DF42E22A7793100789E9A /* C#5.aiff */,
				D71DF44A22A7793400789E9A /* C#6.aiff */,
				D71DF43122A7793200789E9A /* C2.aiff */,
				D71DF44122A7793300789E9A /* C3.aiff */,
				D71DF44822A7793400789E9A /* C4.aiff */,
				D71DF42722A7793100789E9A /* C5.aiff */,
				D71DF45422A7793400789E9A /* C6.aiff */,
				D71DF43B22A7793200789E9A /* D#2.aiff */,
				D71DF44B22A7793400789E9A /* D#3.aiff */,
				D71DF43C22A7793300789E9A /* D#4.aiff */,
				D71DF42F22A7793100789E9A /* D#5.aiff */,
				D71DF43422A7793200789E9A /* D2.aiff */,
				D71DF43922A7793200789E9A /* D3.aiff */,
				D71DF45322A7793400789E9A /* D4.aiff */,
				D71DF43322A7793200789E9A /* D5.aiff */,
				D71DF42622A7793100789E9A /* E2.aiff */,
				D71DF44522A7793300789E9A /* E3.aiff */,
				D71DF43822A7793200789E9A /* E4.aiff */,
				D71DF45622A7793400789E9A /* E5.aiff */,
				D71DF44722A7793300789E9A /* F#2.aiff */,
				D71DF42B22A7793100789E9A /* F#3.aiff */,
				D71DF43522A7793200789E9A /* F#4.aiff */,
				D71DF45522A7793400789E9A /* F#5.aiff */,
				D71DF44E22A7793400789E9A /* F2.aiff */,
				D71DF43022A7793200789E9A /* F3.aiff */,
				D71DF43F22A7793300789E9A /* F4.aiff */,
				D71DF43622A7793200789E9A /* F5.aiff */,
				D71DF45022A7793400789E9A /* G#2.aiff */,
				D71DF42922A7793100789E9A /* G#3.aiff */,
				D71DF44222A7793300789E9A /* G#4.aiff */,
				D71DF44C22A7793400789E9A /* G#5.aiff */,
				D71DF44F22A7793400789E9A /* G2.aiff */,
				D71DF42A22A7793100789E9A /* G3.aiff */,
				D71DF43A22A7793200789E9A /* G4.aiff */,
				D71DF44D22A7793400789E9A /* G5.aiff */,
				D7C88AC42249EFA0000F484F /* wrong.aiff */,
			);
			path = "Sound Files";
			sourceTree = "<group>";
		};
		D777C80B22009DDB00FA472E = {
			isa = PBXGroup;
			children = (
				D777C81622009DDB00FA472E /* Piano Notes */,
				D777C81522009DDB00FA472E /* Products */,
				D71E3D0A2205EA8E0001F995 /* Frameworks */,
			);
			sourceTree = "<group>";
		};
		D777C81522009DDB00FA472E /* Products */ = {
			isa = PBXGroup;
			children = (
				D777C81422009DDB00FA472E /* Piano Notes.app */,
			);
			name = Products;
			sourceTree = "<group>";
		};
		D777C81622009DDB00FA472E /* Piano Notes */ = {
			isa = PBXGroup;
			children = (
				D777C81722009DDB00FA472E /* AppDelegate.swift */,
				D777C81922009DDB00FA472E /* ViewController.swift */,
				D7E6BFC822AC6B0C00370F4B /* MenuAnimation.swift */,
				D71DF42322A73BBC00789E9A /* ScoreAndStars.swift */,
				D75DE89222828C5800BBFDEF /* GameMode.swift */,
				D7EF7737227785CE00943F54 /* NoteChoices.swift */,
				D7EF77392277F06B00943F54 /* Accidentals.swift */,
				D7DFCFEA22619FC700468F71 /* Enharmonics.swift */,
				D777C81B22009DDB00FA472E /* Main.storyboard */,
				D74992D8228C3FD90095C1B7 /* NotesOnStaffViewController.swift */,
				D7EF773D2277F97100943F54 /* Levels.swift */,
				D7EF773F2277FFF000943F54 /* LevelTableViewCell.swift */,
				D7EF773B2277F3D200943F54 /* LevelsTableViewController.swift */,
				D7C2E3D92241C9E300A72D5C /* ExplainerViewController.swift */,
				D7EF774122789FC800943F54 /* ExplainersOnOrOff.swift */,
				D78A61DE22643EBC008706E2 /* InitialViewController.swift */,
				D777C81E22009DE000FA472E /* Assets.xcassets */,
				D71E3D0F2205ED7D0001F995 /* Sound Files */,
				D777C82022009DE000FA472E /* LaunchScreen.storyboard */,
				D777C82322009DE000FA472E /* Info.plist */,
			);
			path = "Piano Notes";
			sourceTree = "<group>";
		};
/* End PBXGroup section */

/* Begin PBXNativeTarget section */
		D777C81322009DDB00FA472E /* Piano Notes */ = {
			isa = PBXNativeTarget;
			buildConfigurationList = D777C82622009DE000FA472E /* Build configuration list for PBXNativeTarget "Piano Notes" */;
			buildPhases = (
				D777C81022009DDB00FA472E /* Sources */,
				D777C81122009DDB00FA472E /* Frameworks */,
				D777C81222009DDB00FA472E /* Resources */,
			);
			buildRules = (
			);
			dependencies = (
			);
			name = "Piano Notes";
			productName = "Piano Notes";
			productReference = D777C81422009DDB00FA472E /* Piano Notes.app */;
			productType = "com.apple.product-type.application";
		};
/* End PBXNativeTarget section */

/* Begin PBXProject section */
		D777C80C22009DDB00FA472E /* Project object */ = {
			isa = PBXProject;
			attributes = {
				KnownAssetTags = (
					New,
				);
				LastSwiftUpdateCheck = 1010;
				LastUpgradeCheck = 1010;
				ORGANIZATIONNAME = Matvey;
				TargetAttributes = {
					D777C81322009DDB00FA472E = {
						CreatedOnToolsVersion = 10.1;
					};
				};
			};
			buildConfigurationList = D777C80F22009DDB00FA472E /* Build configuration list for PBXProject "Piano Notes" */;
			compatibilityVersion = "Xcode 9.3";
			developmentRegion = en;
			hasScannedForEncodings = 0;
			knownRegions = (
				en,
				Base,
			);
			mainGroup = D777C80B22009DDB00FA472E;
			productRefGroup = D777C81522009DDB00FA472E /* Products */;
			projectDirPath = "";
			projectRoot = "";
			targets = (
				D777C81322009DDB00FA472E /* Piano Notes */,
			);
		};
/* End PBXProject section */

/* Begin PBXResourcesBuildPhase section */
		D777C81222009DDB00FA472E /* Resources */ = {
			isa = PBXResourcesBuildPhase;
			buildActionMask = 2147483647;
			files = (
				D71DF45E22A7793500789E9A /* C#2.aiff in Resources */,
				D71DF47122A7793500789E9A /* F4.aiff in Resources */,
				D71DF47222A7793500789E9A /* A#2.aiff in Resources */,
				D71DF45922A7793500789E9A /* C5.aiff in Resources */,
				D71DF46C22A7793500789E9A /* G4.aiff in Resources */,
				D71DF46E22A7793500789E9A /* D#4.aiff in Resources */,
				D71DF46322A7793500789E9A /* C2.aiff in Resources */,
				D71DF46522A7793500789E9A /* D5.aiff in Resources */,
				D71DF46822A7793500789E9A /* F5.aiff in Resources */,
				D71DF45C22A7793500789E9A /* G3.aiff in Resources */,
				D71DF47A22A7793500789E9A /* C4.aiff in Resources */,
				D71DF46622A7793500789E9A /* D2.aiff in Resources */,
				D71DF47C22A7793500789E9A /* C#6.aiff in Resources */,
				D71DF47022A7793500789E9A /* B4.aiff in Resources */,
				D71DF47922A7793500789E9A /* F#2.aiff in Resources */,
				D71DF47622A7793500789E9A /* A4.aiff in Resources */,
				D71DF46122A7793500789E9A /* D#5.aiff in Resources */,
				D71DF46222A7793500789E9A /* F3.aiff in Resources */,
				D71DF45822A7793500789E9A /* E2.aiff in Resources */,
				D71DF47722A7793500789E9A /* E3.aiff in Resources */,
				D71DF46722A7793500789E9A /* F#4.aiff in Resources */,
				D71DF46922A7793500789E9A /* C#3.aiff in Resources */,
				D71DF46A22A7793500789E9A /* E4.aiff in Resources */,
				D71DF48022A7793500789E9A /* F2.aiff in Resources */,
				D71DF48622A7793500789E9A /* C6.aiff in Resources */,
				D71DF48522A7793500789E9A /* D4.aiff in Resources */,
				D71DF48222A7793500789E9A /* G#2.aiff in Resources */,
				D71DF46B22A7793500789E9A /* D3.aiff in Resources */,
				D71DF46D22A7793500789E9A /* D#2.aiff in Resources */,
				D777C82222009DE000FA472E /* LaunchScreen.storyboard in Resources */,
				D7C88AC52249EFA0000F484F /* wrong.aiff in Resources */,
				D71DF47F22A7793500789E9A /* G5.aiff in Resources */,
				D71DF48322A7793500789E9A /* A#3.aiff in Resources */,
				D71DF48422A7793500789E9A /* A5.aiff in Resources */,
				D71DF47E22A7793500789E9A /* G#5.aiff in Resources */,
				D71DF48122A7793500789E9A /* G2.aiff in Resources */,
				D777C81F22009DE000FA472E /* Assets.xcassets in Resources */,
				D71DF45F22A7793500789E9A /* A#4.aiff in Resources */,
				D71DF47322A7793500789E9A /* C3.aiff in Resources */,
				D71DF48822A7793500789E9A /* E5.aiff in Resources */,
				D71DF46F22A7793500789E9A /* C#4.aiff in Resources */,
				D71DF47422A7793500789E9A /* G#4.aiff in Resources */,
				D71DF47D22A7793500789E9A /* D#3.aiff in Resources */,
				D71DF45722A7793500789E9A /* B2.aiff in Resources */,
				D71DF47522A7793500789E9A /* A#5.aiff in Resources */,
				D71DF45D22A7793500789E9A /* F#3.aiff in Resources */,
				D71DF45B22A7793500789E9A /* G#3.aiff in Resources */,
				D71DF47B22A7793500789E9A /* B3.aiff in Resources */,
				D71DF45A22A7793500789E9A /* A2.aiff in Resources */,
				D71DF47822A7793500789E9A /* B5.aiff in Resources */,
				D71DF48722A7793500789E9A /* F#5.aiff in Resources */,
				D71DF46422A7793500789E9A /* A3.aiff in Resources */,
				D777C81D22009DDB00FA472E /* Main.storyboard in Resources */,
				D71DF46022A7793500789E9A /* C#5.aiff in Resources */,
			);
			runOnlyForDeploymentPostprocessing = 0;
		};
/* End PBXResourcesBuildPhase section */

/* Begin PBXSourcesBuildPhase section */
		D777C81022009DDB00FA472E /* Sources */ = {
			isa = PBXSourcesBuildPhase;
			buildActionMask = 2147483647;
			files = (
				D75DE89322828C5800BBFDEF /* GameMode.swift in Sources */,
				D7EF774222789FC800943F54 /* ExplainersOnOrOff.swift in Sources */,
				D7EF773E2277F97100943F54 /* Levels.swift in Sources */,
				D78A61DF22643EBC008706E2 /* InitialViewController.swift in Sources */,
				D777C81A22009DDB00FA472E /* ViewController.swift in Sources */,
				D7EF7738227785CE00943F54 /* NoteChoices.swift in Sources */,
				D7EF77402277FFF000943F54 /* LevelTableViewCell.swift in Sources */,
				D7E6BFC922AC6B0C00370F4B /* MenuAnimation.swift in Sources */,
				D74992D9228C3FD90095C1B7 /* NotesOnStaffViewController.swift in Sources */,
				D7EF773A2277F06B00943F54 /* Accidentals.swift in Sources */,
				D71DF42422A73BBC00789E9A /* ScoreAndStars.swift in Sources */,
				D7EF773C2277F3D200943F54 /* LevelsTableViewController.swift in Sources */,
				D7C2E3DA2241C9E300A72D5C /* ExplainerViewController.swift in Sources */,
				D777C81822009DDB00FA472E /* AppDelegate.swift in Sources */,
				D7DFCFEB22619FC700468F71 /* Enharmonics.swift in Sources */,
			);
			runOnlyForDeploymentPostprocessing = 0;
		};
/* End PBXSourcesBuildPhase section */

/* Begin PBXVariantGroup section */
		D777C81B22009DDB00FA472E /* Main.storyboard */ = {
			isa = PBXVariantGroup;
			children = (
				D777C81C22009DDB00FA472E /* Base */,
			);
			name = Main.storyboard;
			sourceTree = "<group>";
		};
		D777C82022009DE000FA472E /* LaunchScreen.storyboard */ = {
			isa = PBXVariantGroup;
			children = (
				D777C82122009DE000FA472E /* Base */,
			);
			name = LaunchScreen.storyboard;
			sourceTree = "<group>";
		};
/* End PBXVariantGroup section */

/* Begin XCBuildConfiguration section */
		D777C82422009DE000FA472E /* Debug */ = {
			isa = XCBuildConfiguration;
			buildSettings = {
				ALWAYS_SEARCH_USER_PATHS = NO;
				CLANG_ANALYZER_NONNULL = YES;
				CLANG_ANALYZER_NUMBER_OBJECT_CONVERSION = YES_AGGRESSIVE;
				CLANG_CXX_LANGUAGE_STANDARD = "gnu++14";
				CLANG_CXX_LIBRARY = "libc++";
				CLANG_ENABLE_MODULES = YES;
				CLANG_ENABLE_OBJC_ARC = YES;
				CLANG_ENABLE_OBJC_WEAK = YES;
				CLANG_WARN_BLOCK_CAPTURE_AUTORELEASING = YES;
				CLANG_WARN_BOOL_CONVERSION = YES;
				CLANG_WARN_COMMA = YES;
				CLANG_WARN_CONSTANT_CONVERSION = YES;
				CLANG_WARN_DEPRECATED_OBJC_IMPLEMENTATIONS = YES;
				CLANG_WARN_DIRECT_OBJC_ISA_USAGE = YES_ERROR;
				CLANG_WARN_DOCUMENTATION_COMMENTS = YES;
				CLANG_WARN_EMPTY_BODY = YES;
				CLANG_WARN_ENUM_CONVERSION = YES;
				CLANG_WARN_INFINITE_RECURSION = YES;
				CLANG_WARN_INT_CONVERSION = YES;
				CLANG_WARN_NON_LITERAL_NULL_CONVERSION = YES;
				CLANG_WARN_OBJC_IMPLICIT_RETAIN_SELF = YES;
				CLANG_WARN_OBJC_LITERAL_CONVERSION = YES;
				CLANG_WARN_OBJC_ROOT_CLASS = YES_ERROR;
				CLANG_WARN_RANGE_LOOP_ANALYSIS = YES;
				CLANG_WARN_STRICT_PROTOTYPES = YES;
				CLANG_WARN_SUSPICIOUS_MOVE = YES;
				CLANG_WARN_UNGUARDED_AVAILABILITY = YES_AGGRESSIVE;
				CLANG_WARN_UNREACHABLE_CODE = YES;
				CLANG_WARN__DUPLICATE_METHOD_MATCH = YES;
				CODE_SIGN_IDENTITY = "iPhone Developer";
				COPY_PHASE_STRIP = NO;
				DEBUG_INFORMATION_FORMAT = dwarf;
				ENABLE_STRICT_OBJC_MSGSEND = YES;
				ENABLE_TESTABILITY = YES;
				GCC_C_LANGUAGE_STANDARD = gnu11;
				GCC_DYNAMIC_NO_PIC = NO;
				GCC_NO_COMMON_BLOCKS = YES;
				GCC_OPTIMIZATION_LEVEL = 0;
				GCC_PREPROCESSOR_DEFINITIONS = (
					"DEBUG=1",
					"$(inherited)",
				);
				GCC_WARN_64_TO_32_BIT_CONVERSION = YES;
				GCC_WARN_ABOUT_RETURN_TYPE = YES_ERROR;
				GCC_WARN_UNDECLARED_SELECTOR = YES;
				GCC_WARN_UNINITIALIZED_AUTOS = YES_AGGRESSIVE;
				GCC_WARN_UNUSED_FUNCTION = YES;
				GCC_WARN_UNUSED_VARIABLE = YES;
				IPHONEOS_DEPLOYMENT_TARGET = 12.1;
				MTL_ENABLE_DEBUG_INFO = INCLUDE_SOURCE;
				MTL_FAST_MATH = YES;
				ONLY_ACTIVE_ARCH = YES;
				SDKROOT = iphoneos;
				SWIFT_ACTIVE_COMPILATION_CONDITIONS = DEBUG;
				SWIFT_OPTIMIZATION_LEVEL = "-Onone";
			};
			name = Debug;
		};
		D777C82522009DE000FA472E /* Release */ = {
			isa = XCBuildConfiguration;
			buildSettings = {
				ALWAYS_SEARCH_USER_PATHS = NO;
				CLANG_ANALYZER_NONNULL = YES;
				CLANG_ANALYZER_NUMBER_OBJECT_CONVERSION = YES_AGGRESSIVE;
				CLANG_CXX_LANGUAGE_STANDARD = "gnu++14";
				CLANG_CXX_LIBRARY = "libc++";
				CLANG_ENABLE_MODULES = YES;
				CLANG_ENABLE_OBJC_ARC = YES;
				CLANG_ENABLE_OBJC_WEAK = YES;
				CLANG_WARN_BLOCK_CAPTURE_AUTORELEASING = YES;
				CLANG_WARN_BOOL_CONVERSION = YES;
				CLANG_WARN_COMMA = YES;
				CLANG_WARN_CONSTANT_CONVERSION = YES;
				CLANG_WARN_DEPRECATED_OBJC_IMPLEMENTATIONS = YES;
				CLANG_WARN_DIRECT_OBJC_ISA_USAGE = YES_ERROR;
				CLANG_WARN_DOCUMENTATION_COMMENTS = YES;
				CLANG_WARN_EMPTY_BODY = YES;
				CLANG_WARN_ENUM_CONVERSION = YES;
				CLANG_WARN_INFINITE_RECURSION = YES;
				CLANG_WARN_INT_CONVERSION = YES;
				CLANG_WARN_NON_LITERAL_NULL_CONVERSION = YES;
				CLANG_WARN_OBJC_IMPLICIT_RETAIN_SELF = YES;
				CLANG_WARN_OBJC_LITERAL_CONVERSION = YES;
				CLANG_WARN_OBJC_ROOT_CLASS = YES_ERROR;
				CLANG_WARN_RANGE_LOOP_ANALYSIS = YES;
				CLANG_WARN_STRICT_PROTOTYPES = YES;
				CLANG_WARN_SUSPICIOUS_MOVE = YES;
				CLANG_WARN_UNGUARDED_AVAILABILITY = YES_AGGRESSIVE;
				CLANG_WARN_UNREACHABLE_CODE = YES;
				CLANG_WARN__DUPLICATE_METHOD_MATCH = YES;
				CODE_SIGN_IDENTITY = "iPhone Developer";
				COPY_PHASE_STRIP = NO;
				DEBUG_INFORMATION_FORMAT = "dwarf-with-dsym";
				ENABLE_NS_ASSERTIONS = NO;
				ENABLE_STRICT_OBJC_MSGSEND = YES;
				GCC_C_LANGUAGE_STANDARD = gnu11;
				GCC_NO_COMMON_BLOCKS = YES;
				GCC_WARN_64_TO_32_BIT_CONVERSION = YES;
				GCC_WARN_ABOUT_RETURN_TYPE = YES_ERROR;
				GCC_WARN_UNDECLARED_SELECTOR = YES;
				GCC_WARN_UNINITIALIZED_AUTOS = YES_AGGRESSIVE;
				GCC_WARN_UNUSED_FUNCTION = YES;
				GCC_WARN_UNUSED_VARIABLE = YES;
				IPHONEOS_DEPLOYMENT_TARGET = 12.1;
				MTL_ENABLE_DEBUG_INFO = NO;
				MTL_FAST_MATH = YES;
				SDKROOT = iphoneos;
				SWIFT_COMPILATION_MODE = wholemodule;
				SWIFT_OPTIMIZATION_LEVEL = "-O";
				VALIDATE_PRODUCT = YES;
			};
			name = Release;
		};
		D777C82722009DE000FA472E /* Debug */ = {
			isa = XCBuildConfiguration;
			buildSettings = {
				ASSETCATALOG_COMPILER_APPICON_NAME = AppIcon;
				CODE_SIGN_STYLE = Automatic;
				DEVELOPMENT_TEAM = AN8H79QZL4;
				INFOPLIST_FILE = "Piano Notes/Info.plist";
				IPHONEOS_DEPLOYMENT_TARGET = 12.2;
				LD_RUNPATH_SEARCH_PATHS = (
					"$(inherited)",
					"@executable_path/Frameworks",
				);
				PRODUCT_BUNDLE_IDENTIFIER = "com.matvey.Piano-Notes";
				PRODUCT_NAME = "$(TARGET_NAME)";
				SWIFT_VERSION = 4.2;
				TARGETED_DEVICE_FAMILY = 2;
			};
			name = Debug;
		};
		D777C82822009DE000FA472E /* Release */ = {
			isa = XCBuildConfiguration;
			buildSettings = {
				ASSETCATALOG_COMPILER_APPICON_NAME = AppIcon;
				CODE_SIGN_STYLE = Automatic;
				DEVELOPMENT_TEAM = AN8H79QZL4;
				INFOPLIST_FILE = "Piano Notes/Info.plist";
				IPHONEOS_DEPLOYMENT_TARGET = 12.2;
				LD_RUNPATH_SEARCH_PATHS = (
					"$(inherited)",
					"@executable_path/Frameworks",
				);
				PRODUCT_BUNDLE_IDENTIFIER = "com.matvey.Piano-Notes";
				PRODUCT_NAME = "$(TARGET_NAME)";
				SWIFT_VERSION = 4.2;
				TARGETED_DEVICE_FAMILY = 2;
			};
			name = Release;
		};
/* End XCBuildConfiguration section */

/* Begin XCConfigurationList section */
		D777C80F22009DDB00FA472E /* Build configuration list for PBXProject "Piano Notes" */ = {
			isa = XCConfigurationList;
			buildConfigurations = (
				D777C82422009DE000FA472E /* Debug */,
				D777C82522009DE000FA472E /* Release */,
			);
			defaultConfigurationIsVisible = 0;
			defaultConfigurationName = Release;
		};
		D777C82622009DE000FA472E /* Build configuration list for PBXNativeTarget "Piano Notes" */ = {
			isa = XCConfigurationList;
			buildConfigurations = (
				D777C82722009DE000FA472E /* Debug */,
				D777C82822009DE000FA472E /* Release */,
			);
			defaultConfigurationIsVisible = 0;
			defaultConfigurationName = Release;
		};
/* End XCConfigurationList section */
	};
	rootObject = D777C80C22009DDB00FA472E /* Project object */;
}
